
Microsoft Visual Studio Solution File, Format Version 12.00
# Visual Studio Version 17
VisualStudioVersion = 17.0.31919.166
MinimumVisualStudioVersion = 10.0.40219.1
Project("{FAE04EC0-301F-11D3-BF4B-00C04F79EFBC}") = "MinimalAPI", "MinimalAPI\MinimalAPI.csproj", "{EF6AB063-A9F5-4C3D-9296-A6437F5EDB1F}"
EndProject
Project("{00D1A9C2-B5F0-4AF3-8072-F6C62B433612}") = "UserDB", "UserDB\UserDB.sqlproj", "{9DFE199D-59DD-4177-A3F8-63BF80E94933}"
EndProject
Global
	GlobalSection(SolutionConfigurationPlatforms) = preSolution
		Debug|Any CPU = Debug|Any CPU
		Release|Any CPU = Release|Any CPU
	EndGlobalSection
	GlobalSection(ProjectConfigurationPlatforms) = postSolution
		{EF6AB063-A9F5-4C3D-9296-A6437F5EDB1F}.Debug|Any CPU.ActiveCfg = Debug|Any CPU
		{EF6AB063-A9F5-4C3D-9296-A6437F5EDB1F}.Debug|Any CPU.Build.0 = Debug|Any CPU
		{EF6AB063-A9F5-4C3D-9296-A6437F5EDB1F}.Release|Any CPU.ActiveCfg = Release|Any CPU
		{EF6AB063-A9F5-4C3D-9296-A6437F5EDB1F}.Release|Any CPU.Build.0 = Release|Any CPU
		{9DFE199D-59DD-4177-A3F8-63BF80E94933}.Debug|Any CPU.ActiveCfg = Debug|Any CPU
		{9DFE199D-59DD-4177-A3F8-63BF80E94933}.Debug|Any CPU.Build.0 = Debug|Any CPU
		{9DFE199D-59DD-4177-A3F8-63BF80E94933}.Debug|Any CPU.Deploy.0 = Debug|Any CPU
		{9DFE199D-59DD-4177-A3F8-63BF80E94933}.Release|Any CPU.ActiveCfg = Release|Any CPU
		{9DFE199D-59DD-4177-A3F8-63BF80E94933}.Release|Any CPU.Build.0 = Release|Any CPU
		{9DFE199D-59DD-4177-A3F8-63BF80E94933}.Release|Any CPU.Deploy.0 = Release|Any CPU
	EndGlobalSection
	GlobalSection(SolutionProperties) = preSolution
		HideSolutionNode = FALSE
	EndGlobalSection
	GlobalSection(ExtensibilityGlobals) = postSolution
		SolutionGuid = {B886CB73-D834-4FAA-842A-17A09B65E972}
	EndGlobalSection
EndGlobal
